// !$*UTF8*$!
{
	archiveVersion = 1;
	classes = {
	};
	objectVersion = 56;
	objects = {

/* Begin PBXBuildFile section */
		235EA0892C6A5B3400F80F86 /* AppDelegate.swift in Sources */ = {isa = PBXBuildFile; fileRef = 235EA0882C6A5B3400F80F86 /* AppDelegate.swift */; };
		235EA08B2C6A5B3400F80F86 /* SceneDelegate.swift in Sources */ = {isa = PBXBuildFile; fileRef = 235EA08A2C6A5B3400F80F86 /* SceneDelegate.swift */; };
		235EA08D2C6A5B3400F80F86 /* HomeViewController.swift in Sources */ = {isa = PBXBuildFile; fileRef = 235EA08C2C6A5B3400F80F86 /* HomeViewController.swift */; };
		235EA0922C6A5B3500F80F86 /* Assets.xcassets in Resources */ = {isa = PBXBuildFile; fileRef = 235EA0912C6A5B3500F80F86 /* Assets.xcassets */; };
		235EA0952C6A5B3500F80F86 /* LaunchScreen.storyboard in Resources */ = {isa = PBXBuildFile; fileRef = 235EA0932C6A5B3500F80F86 /* LaunchScreen.storyboard */; };
		235EA0A22C6A60E300F80F86 /* AFNetworkManager.swift in Sources */ = {isa = PBXBuildFile; fileRef = 235EA0A12C6A60E300F80F86 /* AFNetworkManager.swift */; };
		235EA0A52C6A60F400F80F86 /* Alamofire in Frameworks */ = {isa = PBXBuildFile; productRef = 235EA0A42C6A60F400F80F86 /* Alamofire */; };
		235EA0A72C6A60F400F80F86 /* AlamofireDynamic in Frameworks */ = {isa = PBXBuildFile; productRef = 235EA0A62C6A60F400F80F86 /* AlamofireDynamic */; };
		235EA0AB2C6A619B00F80F86 /* ProductService.swift in Sources */ = {isa = PBXBuildFile; fileRef = 235EA0AA2C6A619B00F80F86 /* ProductService.swift */; };
		235EA0AF2C6A658500F80F86 /* NetworkUtils.swift in Sources */ = {isa = PBXBuildFile; fileRef = 235EA0AE2C6A658500F80F86 /* NetworkUtils.swift */; };
		235EA0B12C6A801200F80F86 /* Product.swift in Sources */ = {isa = PBXBuildFile; fileRef = 235EA0B02C6A801200F80F86 /* Product.swift */; };
		235EA0B42C6A92BB00F80F86 /* SnapKit in Frameworks */ = {isa = PBXBuildFile; productRef = 235EA0B32C6A92BB00F80F86 /* SnapKit */; };
		235EA0B62C6A92BB00F80F86 /* SnapKit-Dynamic in Frameworks */ = {isa = PBXBuildFile; productRef = 235EA0B52C6A92BB00F80F86 /* SnapKit-Dynamic */; };
		235EA0B92C6A960300F80F86 /* HomeViewModel.swift in Sources */ = {isa = PBXBuildFile; fileRef = 235EA0B82C6A960300F80F86 /* HomeViewModel.swift */; };
		235EA0BB2C6A9A5300F80F86 /* ProductCollectionViewCell.swift in Sources */ = {isa = PBXBuildFile; fileRef = 235EA0BA2C6A9A5300F80F86 /* ProductCollectionViewCell.swift */; };
		23A9E7512C6D02880098D375 /* Double+Extension.swift in Sources */ = {isa = PBXBuildFile; fileRef = 23A9E7502C6D02880098D375 /* Double+Extension.swift */; };
		23A9E7532C6D060D0098D375 /* Int+Extension.swift in Sources */ = {isa = PBXBuildFile; fileRef = 23A9E7522C6D060D0098D375 /* Int+Extension.swift */; };
		23C2B5FE2C6B4FAF007EEF94 /* Kingfisher in Frameworks */ = {isa = PBXBuildFile; productRef = 23C2B5FD2C6B4FAF007EEF94 /* Kingfisher */; };
		23C2B6012C6B69B7007EEF94 /* DetailViewController.swift in Sources */ = {isa = PBXBuildFile; fileRef = 23C2B6002C6B69B7007EEF94 /* DetailViewController.swift */; };
		23C2B6072C6BAB19007EEF94 /* DetailViewModel.swift in Sources */ = {isa = PBXBuildFile; fileRef = 23C2B6062C6BAB19007EEF94 /* DetailViewModel.swift */; };
		23DEDB952C6E3DDB0076B075 /* ObiletCaseAppTests.swift in Sources */ = {isa = PBXBuildFile; fileRef = 23DEDB942C6E3DDB0076B075 /* ObiletCaseAppTests.swift */; };
		23DEDB9E2C6E3E4B0076B075 /* HomeViewModelTests.swift in Sources */ = {isa = PBXBuildFile; fileRef = 23DEDB9D2C6E3E4B0076B075 /* HomeViewModelTests.swift */; };
		23DEDBA02C6E435A0076B075 /* MockHomeViewController.swift in Sources */ = {isa = PBXBuildFile; fileRef = 23DEDB9F2C6E435A0076B075 /* MockHomeViewController.swift */; };
		23DEDBA42C6E44070076B075 /* MockProductService.swift in Sources */ = {isa = PBXBuildFile; fileRef = 23DEDBA32C6E44070076B075 /* MockProductService.swift */; };
		23DEDBA82C6E515E0076B075 /* Product+Mock.swift in Sources */ = {isa = PBXBuildFile; fileRef = 23DEDBA72C6E515E0076B075 /* Product+Mock.swift */; };
		23DEDBAA2C6E525C0076B075 /* Rating+Mock.swift in Sources */ = {isa = PBXBuildFile; fileRef = 23DEDBA92C6E525C0076B075 /* Rating+Mock.swift */; };
		23FFAFC22C6F196500BE62E1 /* CollectionHeaderView.swift in Sources */ = {isa = PBXBuildFile; fileRef = 23FFAFC12C6F196500BE62E1 /* CollectionHeaderView.swift */; };
		23FFAFC42C6F26F100BE62E1 /* UIButton+Extension.swift in Sources */ = {isa = PBXBuildFile; fileRef = 23FFAFC32C6F26F100BE62E1 /* UIButton+Extension.swift */; };
/* End PBXBuildFile section */

/* Begin PBXContainerItemProxy section */
		23DEDB962C6E3DDB0076B075 /* PBXContainerItemProxy */ = {
			isa = PBXContainerItemProxy;
			containerPortal = 235EA07D2C6A5B3400F80F86 /* Project object */;
			proxyType = 1;
			remoteGlobalIDString = 235EA0842C6A5B3400F80F86;
			remoteInfo = ObiletCaseApp;
		};
/* End PBXContainerItemProxy section */

/* Begin PBXFileReference section */
		235EA0852C6A5B3400F80F86 /* ObiletCaseApp.app */ = {isa = PBXFileReference; explicitFileType = wrapper.application; includeInIndex = 0; path = ObiletCaseApp.app; sourceTree = BUILT_PRODUCTS_DIR; };
		235EA0882C6A5B3400F80F86 /* AppDelegate.swift */ = {isa = PBXFileReference; lastKnownFileType = sourcecode.swift; path = AppDelegate.swift; sourceTree = "<group>"; };
		235EA08A2C6A5B3400F80F86 /* SceneDelegate.swift */ = {isa = PBXFileReference; lastKnownFileType = sourcecode.swift; path = SceneDelegate.swift; sourceTree = "<group>"; };
		235EA08C2C6A5B3400F80F86 /* HomeViewController.swift */ = {isa = PBXFileReference; lastKnownFileType = sourcecode.swift; path = HomeViewController.swift; sourceTree = "<group>"; };
		235EA0912C6A5B3500F80F86 /* Assets.xcassets */ = {isa = PBXFileReference; lastKnownFileType = folder.assetcatalog; path = Assets.xcassets; sourceTree = "<group>"; };
		235EA0942C6A5B3500F80F86 /* Base */ = {isa = PBXFileReference; lastKnownFileType = file.storyboard; name = Base; path = Base.lproj/LaunchScreen.storyboard; sourceTree = "<group>"; };
		235EA0962C6A5B3500F80F86 /* Info.plist */ = {isa = PBXFileReference; lastKnownFileType = text.plist.xml; path = Info.plist; sourceTree = "<group>"; };
		235EA0A12C6A60E300F80F86 /* AFNetworkManager.swift */ = {isa = PBXFileReference; lastKnownFileType = sourcecode.swift; path = AFNetworkManager.swift; sourceTree = "<group>"; };
		235EA0AA2C6A619B00F80F86 /* ProductService.swift */ = {isa = PBXFileReference; lastKnownFileType = sourcecode.swift; path = ProductService.swift; sourceTree = "<group>"; };
		235EA0AE2C6A658500F80F86 /* NetworkUtils.swift */ = {isa = PBXFileReference; lastKnownFileType = sourcecode.swift; path = NetworkUtils.swift; sourceTree = "<group>"; };
		235EA0B02C6A801200F80F86 /* Product.swift */ = {isa = PBXFileReference; lastKnownFileType = sourcecode.swift; path = Product.swift; sourceTree = "<group>"; };
		235EA0B82C6A960300F80F86 /* HomeViewModel.swift */ = {isa = PBXFileReference; lastKnownFileType = sourcecode.swift; path = HomeViewModel.swift; sourceTree = "<group>"; };
		235EA0BA2C6A9A5300F80F86 /* ProductCollectionViewCell.swift */ = {isa = PBXFileReference; lastKnownFileType = sourcecode.swift; path = ProductCollectionViewCell.swift; sourceTree = "<group>"; };
		23A9E7502C6D02880098D375 /* Double+Extension.swift */ = {isa = PBXFileReference; lastKnownFileType = sourcecode.swift; path = "Double+Extension.swift"; sourceTree = "<group>"; };
		23A9E7522C6D060D0098D375 /* Int+Extension.swift */ = {isa = PBXFileReference; lastKnownFileType = sourcecode.swift; path = "Int+Extension.swift"; sourceTree = "<group>"; };
		23C2B6002C6B69B7007EEF94 /* DetailViewController.swift */ = {isa = PBXFileReference; lastKnownFileType = sourcecode.swift; path = DetailViewController.swift; sourceTree = "<group>"; };
		23C2B6062C6BAB19007EEF94 /* DetailViewModel.swift */ = {isa = PBXFileReference; lastKnownFileType = sourcecode.swift; path = DetailViewModel.swift; sourceTree = "<group>"; };
		23DEDB922C6E3DDB0076B075 /* ObiletCaseAppTests.xctest */ = {isa = PBXFileReference; explicitFileType = wrapper.cfbundle; includeInIndex = 0; path = ObiletCaseAppTests.xctest; sourceTree = BUILT_PRODUCTS_DIR; };
		23DEDB942C6E3DDB0076B075 /* ObiletCaseAppTests.swift */ = {isa = PBXFileReference; lastKnownFileType = sourcecode.swift; path = ObiletCaseAppTests.swift; sourceTree = "<group>"; };
		23DEDB9D2C6E3E4B0076B075 /* HomeViewModelTests.swift */ = {isa = PBXFileReference; lastKnownFileType = sourcecode.swift; path = HomeViewModelTests.swift; sourceTree = "<group>"; };
		23DEDB9F2C6E435A0076B075 /* MockHomeViewController.swift */ = {isa = PBXFileReference; lastKnownFileType = sourcecode.swift; path = MockHomeViewController.swift; sourceTree = "<group>"; };
		23DEDBA32C6E44070076B075 /* MockProductService.swift */ = {isa = PBXFileReference; lastKnownFileType = sourcecode.swift; path = MockProductService.swift; sourceTree = "<group>"; };
		23DEDBA72C6E515E0076B075 /* Product+Mock.swift */ = {isa = PBXFileReference; lastKnownFileType = sourcecode.swift; path = "Product+Mock.swift"; sourceTree = "<group>"; };
		23DEDBA92C6E525C0076B075 /* Rating+Mock.swift */ = {isa = PBXFileReference; lastKnownFileType = sourcecode.swift; path = "Rating+Mock.swift"; sourceTree = "<group>"; };
		23FFAFC12C6F196500BE62E1 /* CollectionHeaderView.swift */ = {isa = PBXFileReference; lastKnownFileType = sourcecode.swift; path = CollectionHeaderView.swift; sourceTree = "<group>"; };
		23FFAFC32C6F26F100BE62E1 /* UIButton+Extension.swift */ = {isa = PBXFileReference; lastKnownFileType = sourcecode.swift; path = "UIButton+Extension.swift"; sourceTree = "<group>"; };
/* End PBXFileReference section */

/* Begin PBXFrameworksBuildPhase section */
		235EA0822C6A5B3400F80F86 /* Frameworks */ = {
			isa = PBXFrameworksBuildPhase;
			buildActionMask = 2147483647;
			files = (
				235EA0B42C6A92BB00F80F86 /* SnapKit in Frameworks */,
				235EA0A52C6A60F400F80F86 /* Alamofire in Frameworks */,
				235EA0A72C6A60F400F80F86 /* AlamofireDynamic in Frameworks */,
				235EA0B62C6A92BB00F80F86 /* SnapKit-Dynamic in Frameworks */,
				23C2B5FE2C6B4FAF007EEF94 /* Kingfisher in Frameworks */,
			);
			runOnlyForDeploymentPostprocessing = 0;
		};
		23DEDB8F2C6E3DDB0076B075 /* Frameworks */ = {
			isa = PBXFrameworksBuildPhase;
			buildActionMask = 2147483647;
			files = (
			);
			runOnlyForDeploymentPostprocessing = 0;
		};
/* End PBXFrameworksBuildPhase section */

/* Begin PBXGroup section */
		235EA07C2C6A5B3400F80F86 = {
			isa = PBXGroup;
			children = (
				235EA0872C6A5B3400F80F86 /* ObiletCaseApp */,
				23DEDB932C6E3DDB0076B075 /* ObiletCaseAppTests */,
				235EA0862C6A5B3400F80F86 /* Products */,
			);
			sourceTree = "<group>";
		};
		235EA0862C6A5B3400F80F86 /* Products */ = {
			isa = PBXGroup;
			children = (
				235EA0852C6A5B3400F80F86 /* ObiletCaseApp.app */,
				23DEDB922C6E3DDB0076B075 /* ObiletCaseAppTests.xctest */,
			);
			name = Products;
			sourceTree = "<group>";
		};
		235EA0872C6A5B3400F80F86 /* ObiletCaseApp */ = {
			isa = PBXGroup;
			children = (
				23C2B6022C6B78BA007EEF94 /* Helper */,
				235EA0A02C6A5E9C00F80F86 /* Models */,
				235EA09F2C6A5E9300F80F86 /* Core */,
				235EA09C2C6A5DEC00F80F86 /* Delegates */,
				235EA09E2C6A5E1800F80F86 /* UI */,
				235EA0912C6A5B3500F80F86 /* Assets.xcassets */,
				235EA09D2C6A5E0700F80F86 /* Base */,
				235EA0962C6A5B3500F80F86 /* Info.plist */,
			);
			path = ObiletCaseApp;
			sourceTree = "<group>";
		};
		235EA09C2C6A5DEC00F80F86 /* Delegates */ = {
			isa = PBXGroup;
			children = (
				235EA0882C6A5B3400F80F86 /* AppDelegate.swift */,
				235EA08A2C6A5B3400F80F86 /* SceneDelegate.swift */,
			);
			path = Delegates;
			sourceTree = "<group>";
		};
		235EA09D2C6A5E0700F80F86 /* Base */ = {
			isa = PBXGroup;
			children = (
				235EA0932C6A5B3500F80F86 /* LaunchScreen.storyboard */,
			);
			path = Base;
			sourceTree = "<group>";
		};
		235EA09E2C6A5E1800F80F86 /* UI */ = {
			isa = PBXGroup;
			children = (
				235EA0B72C6A955700F80F86 /* HomeScreen */,
				23C2B5FF2C6B6990007EEF94 /* DetailScreen */,
			);
			path = UI;
			sourceTree = "<group>";
		};
		235EA09F2C6A5E9300F80F86 /* Core */ = {
			isa = PBXGroup;
			children = (
				23A9E74F2C6C90E50098D375 /* Services */,
				235EA0A82C6A612700F80F86 /* Managers */,
				235EA0AE2C6A658500F80F86 /* NetworkUtils.swift */,
			);
			path = Core;
			sourceTree = "<group>";
		};
		235EA0A02C6A5E9C00F80F86 /* Models */ = {
			isa = PBXGroup;
			children = (
				235EA0B02C6A801200F80F86 /* Product.swift */,
			);
			path = Models;
			sourceTree = "<group>";
		};
		235EA0A82C6A612700F80F86 /* Managers */ = {
			isa = PBXGroup;
			children = (
				235EA0A12C6A60E300F80F86 /* AFNetworkManager.swift */,
			);
			path = Managers;
			sourceTree = "<group>";
		};
		235EA0B72C6A955700F80F86 /* HomeScreen */ = {
			isa = PBXGroup;
			children = (
				235EA08C2C6A5B3400F80F86 /* HomeViewController.swift */,
				235EA0B82C6A960300F80F86 /* HomeViewModel.swift */,
				235EA0BA2C6A9A5300F80F86 /* ProductCollectionViewCell.swift */,
				23FFAFC12C6F196500BE62E1 /* CollectionHeaderView.swift */,
			);
			path = HomeScreen;
			sourceTree = "<group>";
		};
		23A9E74F2C6C90E50098D375 /* Services */ = {
			isa = PBXGroup;
			children = (
				235EA0AA2C6A619B00F80F86 /* ProductService.swift */,
			);
			path = Services;
			sourceTree = "<group>";
		};
		23C2B5FF2C6B6990007EEF94 /* DetailScreen */ = {
			isa = PBXGroup;
			children = (
				23C2B6002C6B69B7007EEF94 /* DetailViewController.swift */,
				23C2B6062C6BAB19007EEF94 /* DetailViewModel.swift */,
			);
			path = DetailScreen;
			sourceTree = "<group>";
		};
		23C2B6022C6B78BA007EEF94 /* Helper */ = {
			isa = PBXGroup;
			children = (
				23C2B6032C6B78C1007EEF94 /* Extensions */,
			);
			path = Helper;
			sourceTree = "<group>";
		};
		23C2B6032C6B78C1007EEF94 /* Extensions */ = {
			isa = PBXGroup;
			children = (
				23A9E7502C6D02880098D375 /* Double+Extension.swift */,
				23A9E7522C6D060D0098D375 /* Int+Extension.swift */,
				23FFAFC32C6F26F100BE62E1 /* UIButton+Extension.swift */,
			);
			path = Extensions;
			sourceTree = "<group>";
		};
		23DEDB932C6E3DDB0076B075 /* ObiletCaseAppTests */ = {
			isa = PBXGroup;
			children = (
				23DEDBA52C6E50F50076B075 /* Helper */,
				23DEDBA12C6E43E70076B075 /* Core */,
				23DEDB9B2C6E3DF10076B075 /* UI */,
				23DEDB942C6E3DDB0076B075 /* ObiletCaseAppTests.swift */,
			);
			path = ObiletCaseAppTests;
			sourceTree = "<group>";
		};
		23DEDB9B2C6E3DF10076B075 /* UI */ = {
			isa = PBXGroup;
			children = (
				23DEDB9C2C6E3DFD0076B075 /* HomeScreen */,
			);
			path = UI;
			sourceTree = "<group>";
		};
		23DEDB9C2C6E3DFD0076B075 /* HomeScreen */ = {
			isa = PBXGroup;
			children = (
				23DEDB9D2C6E3E4B0076B075 /* HomeViewModelTests.swift */,
				23DEDB9F2C6E435A0076B075 /* MockHomeViewController.swift */,
			);
			path = HomeScreen;
			sourceTree = "<group>";
		};
		23DEDBA12C6E43E70076B075 /* Core */ = {
			isa = PBXGroup;
			children = (
				23DEDBA22C6E43EE0076B075 /* Services */,
			);
			path = Core;
			sourceTree = "<group>";
		};
		23DEDBA22C6E43EE0076B075 /* Services */ = {
			isa = PBXGroup;
			children = (
				23DEDBA32C6E44070076B075 /* MockProductService.swift */,
			);
			path = Services;
			sourceTree = "<group>";
		};
		23DEDBA52C6E50F50076B075 /* Helper */ = {
			isa = PBXGroup;
			children = (
				23DEDBA62C6E51480076B075 /* Extensions */,
			);
			path = Helper;
			sourceTree = "<group>";
		};
		23DEDBA62C6E51480076B075 /* Extensions */ = {
			isa = PBXGroup;
			children = (
				23DEDBA72C6E515E0076B075 /* Product+Mock.swift */,
				23DEDBA92C6E525C0076B075 /* Rating+Mock.swift */,
			);
			path = Extensions;
			sourceTree = "<group>";
		};
/* End PBXGroup section */

/* Begin PBXNativeTarget section */
		235EA0842C6A5B3400F80F86 /* ObiletCaseApp */ = {
			isa = PBXNativeTarget;
			buildConfigurationList = 235EA0992C6A5B3500F80F86 /* Build configuration list for PBXNativeTarget "ObiletCaseApp" */;
			buildPhases = (
				235EA0812C6A5B3400F80F86 /* Sources */,
				235EA0822C6A5B3400F80F86 /* Frameworks */,
				235EA0832C6A5B3400F80F86 /* Resources */,
			);
			buildRules = (
			);
			dependencies = (
			);
			name = ObiletCaseApp;
			packageProductDependencies = (
				235EA0A42C6A60F400F80F86 /* Alamofire */,
				235EA0A62C6A60F400F80F86 /* AlamofireDynamic */,
				235EA0B32C6A92BB00F80F86 /* SnapKit */,
				235EA0B52C6A92BB00F80F86 /* SnapKit-Dynamic */,
				23C2B5FD2C6B4FAF007EEF94 /* Kingfisher */,
			);
			productName = ObiletCaseApp;
			productReference = 235EA0852C6A5B3400F80F86 /* ObiletCaseApp.app */;
			productType = "com.apple.product-type.application";
		};
		23DEDB912C6E3DDB0076B075 /* ObiletCaseAppTests */ = {
			isa = PBXNativeTarget;
			buildConfigurationList = 23DEDB9A2C6E3DDB0076B075 /* Build configuration list for PBXNativeTarget "ObiletCaseAppTests" */;
			buildPhases = (
				23DEDB8E2C6E3DDB0076B075 /* Sources */,
				23DEDB8F2C6E3DDB0076B075 /* Frameworks */,
				23DEDB902C6E3DDB0076B075 /* Resources */,
			);
			buildRules = (
			);
			dependencies = (
				23DEDB972C6E3DDB0076B075 /* PBXTargetDependency */,
			);
			name = ObiletCaseAppTests;
			productName = ObiletCaseAppTests;
			productReference = 23DEDB922C6E3DDB0076B075 /* ObiletCaseAppTests.xctest */;
			productType = "com.apple.product-type.bundle.unit-test";
		};
/* End PBXNativeTarget section */

/* Begin PBXProject section */
		235EA07D2C6A5B3400F80F86 /* Project object */ = {
			isa = PBXProject;
			attributes = {
				BuildIndependentTargetsInParallel = 1;
				LastSwiftUpdateCheck = 1500;
				LastUpgradeCheck = 1500;
				TargetAttributes = {
					235EA0842C6A5B3400F80F86 = {
						CreatedOnToolsVersion = 15.0.1;
					};
					23DEDB912C6E3DDB0076B075 = {
						CreatedOnToolsVersion = 15.0.1;
						TestTargetID = 235EA0842C6A5B3400F80F86;
					};
				};
			};
			buildConfigurationList = 235EA0802C6A5B3400F80F86 /* Build configuration list for PBXProject "ObiletCaseApp" */;
			compatibilityVersion = "Xcode 14.0";
			developmentRegion = en;
			hasScannedForEncodings = 0;
			knownRegions = (
				en,
				Base,
			);
			mainGroup = 235EA07C2C6A5B3400F80F86;
			packageReferences = (
				235EA0A32C6A60F400F80F86 /* XCRemoteSwiftPackageReference "Alamofire" */,
				235EA0B22C6A92BB00F80F86 /* XCRemoteSwiftPackageReference "SnapKit" */,
				23C2B5FC2C6B4FAF007EEF94 /* XCRemoteSwiftPackageReference "Kingfisher" */,
			);
			productRefGroup = 235EA0862C6A5B3400F80F86 /* Products */;
			projectDirPath = "";
			projectRoot = "";
			targets = (
				235EA0842C6A5B3400F80F86 /* ObiletCaseApp */,
				23DEDB912C6E3DDB0076B075 /* ObiletCaseAppTests */,
			);
		};
/* End PBXProject section */

/* Begin PBXResourcesBuildPhase section */
		235EA0832C6A5B3400F80F86 /* Resources */ = {
			isa = PBXResourcesBuildPhase;
			buildActionMask = 2147483647;
			files = (
				235EA0952C6A5B3500F80F86 /* LaunchScreen.storyboard in Resources */,
				235EA0922C6A5B3500F80F86 /* Assets.xcassets in Resources */,
			);
			runOnlyForDeploymentPostprocessing = 0;
		};
		23DEDB902C6E3DDB0076B075 /* Resources */ = {
			isa = PBXResourcesBuildPhase;
			buildActionMask = 2147483647;
			files = (
			);
			runOnlyForDeploymentPostprocessing = 0;
		};
/* End PBXResourcesBuildPhase section */

/* Begin PBXSourcesBuildPhase section */
		235EA0812C6A5B3400F80F86 /* Sources */ = {
			isa = PBXSourcesBuildPhase;
			buildActionMask = 2147483647;
			files = (
				235EA08D2C6A5B3400F80F86 /* HomeViewController.swift in Sources */,
				235EA0A22C6A60E300F80F86 /* AFNetworkManager.swift in Sources */,
				235EA0892C6A5B3400F80F86 /* AppDelegate.swift in Sources */,
				235EA0B92C6A960300F80F86 /* HomeViewModel.swift in Sources */,
				235EA08B2C6A5B3400F80F86 /* SceneDelegate.swift in Sources */,
				235EA0AF2C6A658500F80F86 /* NetworkUtils.swift in Sources */,
				23C2B6072C6BAB19007EEF94 /* DetailViewModel.swift in Sources */,
				235EA0AB2C6A619B00F80F86 /* ProductService.swift in Sources */,
				23FFAFC42C6F26F100BE62E1 /* UIButton+Extension.swift in Sources */,
				23A9E7532C6D060D0098D375 /* Int+Extension.swift in Sources */,
				23FFAFC22C6F196500BE62E1 /* CollectionHeaderView.swift in Sources */,
				23A9E7512C6D02880098D375 /* Double+Extension.swift in Sources */,
				23C2B6012C6B69B7007EEF94 /* DetailViewController.swift in Sources */,
				235EA0BB2C6A9A5300F80F86 /* ProductCollectionViewCell.swift in Sources */,
				235EA0B12C6A801200F80F86 /* Product.swift in Sources */,
			);
			runOnlyForDeploymentPostprocessing = 0;
		};
		23DEDB8E2C6E3DDB0076B075 /* Sources */ = {
			isa = PBXSourcesBuildPhase;
			buildActionMask = 2147483647;
			files = (
				23DEDBA82C6E515E0076B075 /* Product+Mock.swift in Sources */,
				23DEDBA02C6E435A0076B075 /* MockHomeViewController.swift in Sources */,
				23DEDBAA2C6E525C0076B075 /* Rating+Mock.swift in Sources */,
				23DEDB952C6E3DDB0076B075 /* ObiletCaseAppTests.swift in Sources */,
				23DEDB9E2C6E3E4B0076B075 /* HomeViewModelTests.swift in Sources */,
				23DEDBA42C6E44070076B075 /* MockProductService.swift in Sources */,
			);
			runOnlyForDeploymentPostprocessing = 0;
		};
/* End PBXSourcesBuildPhase section */

/* Begin PBXTargetDependency section */
		23DEDB972C6E3DDB0076B075 /* PBXTargetDependency */ = {
			isa = PBXTargetDependency;
			target = 235EA0842C6A5B3400F80F86 /* ObiletCaseApp */;
			targetProxy = 23DEDB962C6E3DDB0076B075 /* PBXContainerItemProxy */;
		};
/* End PBXTargetDependency section */

/* Begin PBXVariantGroup section */
		235EA0932C6A5B3500F80F86 /* LaunchScreen.storyboard */ = {
			isa = PBXVariantGroup;
			children = (
				235EA0942C6A5B3500F80F86 /* Base */,
			);
			name = LaunchScreen.storyboard;
			sourceTree = "<group>";
		};
/* End PBXVariantGroup section */

/* Begin XCBuildConfiguration section */
		235EA0972C6A5B3500F80F86 /* Debug */ = {
			isa = XCBuildConfiguration;
			buildSettings = {
				ALWAYS_SEARCH_USER_PATHS = NO;
				ASSETCATALOG_COMPILER_GENERATE_SWIFT_ASSET_SYMBOL_EXTENSIONS = YES;
				CLANG_ANALYZER_NONNULL = YES;
				CLANG_ANALYZER_NUMBER_OBJECT_CONVERSION = YES_AGGRESSIVE;
				CLANG_CXX_LANGUAGE_STANDARD = "gnu++20";
				CLANG_ENABLE_MODULES = YES;
				CLANG_ENABLE_OBJC_ARC = YES;
				CLANG_ENABLE_OBJC_WEAK = YES;
				CLANG_WARN_BLOCK_CAPTURE_AUTORELEASING = YES;
				CLANG_WARN_BOOL_CONVERSION = YES;
				CLANG_WARN_COMMA = YES;
				CLANG_WARN_CONSTANT_CONVERSION = YES;
				CLANG_WARN_DEPRECATED_OBJC_IMPLEMENTATIONS = YES;
				CLANG_WARN_DIRECT_OBJC_ISA_USAGE = YES_ERROR;
				CLANG_WARN_DOCUMENTATION_COMMENTS = YES;
				CLANG_WARN_EMPTY_BODY = YES;
				CLANG_WARN_ENUM_CONVERSION = YES;
				CLANG_WARN_INFINITE_RECURSION = YES;
				CLANG_WARN_INT_CONVERSION = YES;
				CLANG_WARN_NON_LITERAL_NULL_CONVERSION = YES;
				CLANG_WARN_OBJC_IMPLICIT_RETAIN_SELF = YES;
				CLANG_WARN_OBJC_LITERAL_CONVERSION = YES;
				CLANG_WARN_OBJC_ROOT_CLASS = YES_ERROR;
				CLANG_WARN_QUOTED_INCLUDE_IN_FRAMEWORK_HEADER = YES;
				CLANG_WARN_RANGE_LOOP_ANALYSIS = YES;
				CLANG_WARN_STRICT_PROTOTYPES = YES;
				CLANG_WARN_SUSPICIOUS_MOVE = YES;
				CLANG_WARN_UNGUARDED_AVAILABILITY = YES_AGGRESSIVE;
				CLANG_WARN_UNREACHABLE_CODE = YES;
				CLANG_WARN__DUPLICATE_METHOD_MATCH = YES;
				COPY_PHASE_STRIP = NO;
				DEBUG_INFORMATION_FORMAT = dwarf;
				ENABLE_STRICT_OBJC_MSGSEND = YES;
				ENABLE_TESTABILITY = YES;
				ENABLE_USER_SCRIPT_SANDBOXING = YES;
				GCC_C_LANGUAGE_STANDARD = gnu17;
				GCC_DYNAMIC_NO_PIC = NO;
				GCC_NO_COMMON_BLOCKS = YES;
				GCC_OPTIMIZATION_LEVEL = 0;
				GCC_PREPROCESSOR_DEFINITIONS = (
					"DEBUG=1",
					"$(inherited)",
				);
				GCC_WARN_64_TO_32_BIT_CONVERSION = YES;
				GCC_WARN_ABOUT_RETURN_TYPE = YES_ERROR;
				GCC_WARN_UNDECLARED_SELECTOR = YES;
				GCC_WARN_UNINITIALIZED_AUTOS = YES_AGGRESSIVE;
				GCC_WARN_UNUSED_FUNCTION = YES;
				GCC_WARN_UNUSED_VARIABLE = YES;
				IPHONEOS_DEPLOYMENT_TARGET = 17.0;
				LOCALIZATION_PREFERS_STRING_CATALOGS = YES;
				MTL_ENABLE_DEBUG_INFO = INCLUDE_SOURCE;
				MTL_FAST_MATH = YES;
				ONLY_ACTIVE_ARCH = YES;
				SDKROOT = iphoneos;
				SWIFT_ACTIVE_COMPILATION_CONDITIONS = "DEBUG $(inherited)";
				SWIFT_OPTIMIZATION_LEVEL = "-Onone";
			};
			name = Debug;
		};
		235EA0982C6A5B3500F80F86 /* Release */ = {
			isa = XCBuildConfiguration;
			buildSettings = {
				ALWAYS_SEARCH_USER_PATHS = NO;
				ASSETCATALOG_COMPILER_GENERATE_SWIFT_ASSET_SYMBOL_EXTENSIONS = YES;
				CLANG_ANALYZER_NONNULL = YES;
				CLANG_ANALYZER_NUMBER_OBJECT_CONVERSION = YES_AGGRESSIVE;
				CLANG_CXX_LANGUAGE_STANDARD = "gnu++20";
				CLANG_ENABLE_MODULES = YES;
				CLANG_ENABLE_OBJC_ARC = YES;
				CLANG_ENABLE_OBJC_WEAK = YES;
				CLANG_WARN_BLOCK_CAPTURE_AUTORELEASING = YES;
				CLANG_WARN_BOOL_CONVERSION = YES;
				CLANG_WARN_COMMA = YES;
				CLANG_WARN_CONSTANT_CONVERSION = YES;
				CLANG_WARN_DEPRECATED_OBJC_IMPLEMENTATIONS = YES;
				CLANG_WARN_DIRECT_OBJC_ISA_USAGE = YES_ERROR;
				CLANG_WARN_DOCUMENTATION_COMMENTS = YES;
				CLANG_WARN_EMPTY_BODY = YES;
				CLANG_WARN_ENUM_CONVERSION = YES;
				CLANG_WARN_INFINITE_RECURSION = YES;
				CLANG_WARN_INT_CONVERSION = YES;
				CLANG_WARN_NON_LITERAL_NULL_CONVERSION = YES;
				CLANG_WARN_OBJC_IMPLICIT_RETAIN_SELF = YES;
				CLANG_WARN_OBJC_LITERAL_CONVERSION = YES;
				CLANG_WARN_OBJC_ROOT_CLASS = YES_ERROR;
				CLANG_WARN_QUOTED_INCLUDE_IN_FRAMEWORK_HEADER = YES;
				CLANG_WARN_RANGE_LOOP_ANALYSIS = YES;
				CLANG_WARN_STRICT_PROTOTYPES = YES;
				CLANG_WARN_SUSPICIOUS_MOVE = YES;
				CLANG_WARN_UNGUARDED_AVAILABILITY = YES_AGGRESSIVE;
				CLANG_WARN_UNREACHABLE_CODE = YES;
				CLANG_WARN__DUPLICATE_METHOD_MATCH = YES;
				COPY_PHASE_STRIP = NO;
				DEBUG_INFORMATION_FORMAT = "dwarf-with-dsym";
				ENABLE_NS_ASSERTIONS = NO;
				ENABLE_STRICT_OBJC_MSGSEND = YES;
				ENABLE_USER_SCRIPT_SANDBOXING = YES;
				GCC_C_LANGUAGE_STANDARD = gnu17;
				GCC_NO_COMMON_BLOCKS = YES;
				GCC_WARN_64_TO_32_BIT_CONVERSION = YES;
				GCC_WARN_ABOUT_RETURN_TYPE = YES_ERROR;
				GCC_WARN_UNDECLARED_SELECTOR = YES;
				GCC_WARN_UNINITIALIZED_AUTOS = YES_AGGRESSIVE;
				GCC_WARN_UNUSED_FUNCTION = YES;
				GCC_WARN_UNUSED_VARIABLE = YES;
				IPHONEOS_DEPLOYMENT_TARGET = 17.0;
				LOCALIZATION_PREFERS_STRING_CATALOGS = YES;
				MTL_ENABLE_DEBUG_INFO = NO;
				MTL_FAST_MATH = YES;
				SDKROOT = iphoneos;
				SWIFT_COMPILATION_MODE = wholemodule;
				VALIDATE_PRODUCT = YES;
			};
			name = Release;
		};
		235EA09A2C6A5B3500F80F86 /* Debug */ = {
			isa = XCBuildConfiguration;
			buildSettings = {
				ASSETCATALOG_COMPILER_APPICON_NAME = AppIcon;
				ASSETCATALOG_COMPILER_GLOBAL_ACCENT_COLOR_NAME = AccentColor;
				CODE_SIGN_STYLE = Automatic;
				CURRENT_PROJECT_VERSION = 1;
				DEVELOPMENT_TEAM = ZBYGRL25JU;
				GENERATE_INFOPLIST_FILE = YES;
				INFOPLIST_FILE = ObiletCaseApp/Info.plist;
				INFOPLIST_KEY_UIApplicationSupportsIndirectInputEvents = YES;
				INFOPLIST_KEY_UILaunchStoryboardName = LaunchScreen;
				INFOPLIST_KEY_UISupportedInterfaceOrientations_iPad = "UIInterfaceOrientationPortrait UIInterfaceOrientationPortraitUpsideDown UIInterfaceOrientationLandscapeLeft UIInterfaceOrientationLandscapeRight";
				INFOPLIST_KEY_UISupportedInterfaceOrientations_iPhone = "UIInterfaceOrientationPortrait UIInterfaceOrientationLandscapeLeft UIInterfaceOrientationLandscapeRight";
				LD_RUNPATH_SEARCH_PATHS = (
					"$(inherited)",
					"@executable_path/Frameworks",
				);
				MARKETING_VERSION = 1.0;
				PRODUCT_BUNDLE_IDENTIFIER = com.BurakGul.ObiletCaseApp;
				PRODUCT_NAME = "$(TARGET_NAME)";
				SWIFT_EMIT_LOC_STRINGS = YES;
				SWIFT_VERSION = 5.0;
				TARGETED_DEVICE_FAMILY = "1,2";
			};
			name = Debug;
		};
		235EA09B2C6A5B3500F80F86 /* Release */ = {
			isa = XCBuildConfiguration;
			buildSettings = {
				ASSETCATALOG_COMPILER_APPICON_NAME = AppIcon;
				ASSETCATALOG_COMPILER_GLOBAL_ACCENT_COLOR_NAME = AccentColor;
				CODE_SIGN_STYLE = Automatic;
				CURRENT_PROJECT_VERSION = 1;
				DEVELOPMENT_TEAM = ZBYGRL25JU;
				GENERATE_INFOPLIST_FILE = YES;
				INFOPLIST_FILE = ObiletCaseApp/Info.plist;
				INFOPLIST_KEY_UIApplicationSupportsIndirectInputEvents = YES;
				INFOPLIST_KEY_UILaunchStoryboardName = LaunchScreen;
				INFOPLIST_KEY_UISupportedInterfaceOrientations_iPad = "UIInterfaceOrientationPortrait UIInterfaceOrientationPortraitUpsideDown UIInterfaceOrientationLandscapeLeft UIInterfaceOrientationLandscapeRight";
				INFOPLIST_KEY_UISupportedInterfaceOrientations_iPhone = "UIInterfaceOrientationPortrait UIInterfaceOrientationLandscapeLeft UIInterfaceOrientationLandscapeRight";
				LD_RUNPATH_SEARCH_PATHS = (
					"$(inherited)",
					"@executable_path/Frameworks",
				);
				MARKETING_VERSION = 1.0;
				PRODUCT_BUNDLE_IDENTIFIER = com.BurakGul.ObiletCaseApp;
				PRODUCT_NAME = "$(TARGET_NAME)";
				SWIFT_EMIT_LOC_STRINGS = YES;
				SWIFT_VERSION = 5.0;
				TARGETED_DEVICE_FAMILY = "1,2";
			};
			name = Release;
		};
		23DEDB982C6E3DDB0076B075 /* Debug */ = {
			isa = XCBuildConfiguration;
			buildSettings = {
				BUNDLE_LOADER = "$(TEST_HOST)";
				CODE_SIGN_STYLE = Automatic;
				CURRENT_PROJECT_VERSION = 1;
				DEVELOPMENT_TEAM = ZBYGRL25JU;
				GENERATE_INFOPLIST_FILE = YES;
				MARKETING_VERSION = 1.0;
				PRODUCT_BUNDLE_IDENTIFIER = com.BurakGul.ObiletCaseAppTests;
				PRODUCT_NAME = "$(TARGET_NAME)";
				SWIFT_EMIT_LOC_STRINGS = NO;
				SWIFT_VERSION = 5.0;
				TARGETED_DEVICE_FAMILY = "1,2";
				TEST_HOST = "$(BUILT_PRODUCTS_DIR)/ObiletCaseApp.app/$(BUNDLE_EXECUTABLE_FOLDER_PATH)/ObiletCaseApp";
			};
			name = Debug;
		};
		23DEDB992C6E3DDB0076B075 /* Release */ = {
			isa = XCBuildConfiguration;
			buildSettings = {
				BUNDLE_LOADER = "$(TEST_HOST)";
				CODE_SIGN_STYLE = Automatic;
				CURRENT_PROJECT_VERSION = 1;
				DEVELOPMENT_TEAM = ZBYGRL25JU;
				GENERATE_INFOPLIST_FILE = YES;
				MARKETING_VERSION = 1.0;
				PRODUCT_BUNDLE_IDENTIFIER = com.BurakGul.ObiletCaseAppTests;
				PRODUCT_NAME = "$(TARGET_NAME)";
				SWIFT_EMIT_LOC_STRINGS = NO;
				SWIFT_VERSION = 5.0;
				TARGETED_DEVICE_FAMILY = "1,2";
				TEST_HOST = "$(BUILT_PRODUCTS_DIR)/ObiletCaseApp.app/$(BUNDLE_EXECUTABLE_FOLDER_PATH)/ObiletCaseApp";
			};
			name = Release;
		};
/* End XCBuildConfiguration section */

/* Begin XCConfigurationList section */
		235EA0802C6A5B3400F80F86 /* Build configuration list for PBXProject "ObiletCaseApp" */ = {
			isa = XCConfigurationList;
			buildConfigurations = (
				235EA0972C6A5B3500F80F86 /* Debug */,
				235EA0982C6A5B3500F80F86 /* Release */,
			);
			defaultConfigurationIsVisible = 0;
			defaultConfigurationName = Release;
		};
		235EA0992C6A5B3500F80F86 /* Build configuration list for PBXNativeTarget "ObiletCaseApp" */ = {
			isa = XCConfigurationList;
			buildConfigurations = (
				235EA09A2C6A5B3500F80F86 /* Debug */,
				235EA09B2C6A5B3500F80F86 /* Release */,
			);
			defaultConfigurationIsVisible = 0;
			defaultConfigurationName = Release;
		};
		23DEDB9A2C6E3DDB0076B075 /* Build configuration list for PBXNativeTarget "ObiletCaseAppTests" */ = {
			isa = XCConfigurationList;
			buildConfigurations = (
				23DEDB982C6E3DDB0076B075 /* Debug */,
				23DEDB992C6E3DDB0076B075 /* Release */,
			);
			defaultConfigurationIsVisible = 0;
			defaultConfigurationName = Release;
		};
/* End XCConfigurationList section */

/* Begin XCRemoteSwiftPackageReference section */
		235EA0A32C6A60F400F80F86 /* XCRemoteSwiftPackageReference "Alamofire" */ = {
			isa = XCRemoteSwiftPackageReference;
			repositoryURL = "https://github.com/Alamofire/Alamofire.git";
			requirement = {
				kind = upToNextMajorVersion;
				minimumVersion = 5.9.1;
			};
		};
		235EA0B22C6A92BB00F80F86 /* XCRemoteSwiftPackageReference "SnapKit" */ = {
			isa = XCRemoteSwiftPackageReference;
			repositoryURL = "https://github.com/SnapKit/SnapKit.git";
			requirement = {
				kind = upToNextMajorVersion;
				minimumVersion = 5.7.1;
			};
		};
		23C2B5FC2C6B4FAF007EEF94 /* XCRemoteSwiftPackageReference "Kingfisher" */ = {
			isa = XCRemoteSwiftPackageReference;
			repositoryURL = "https://github.com/onevcat/Kingfisher.git";
			requirement = {
				kind = upToNextMajorVersion;
				minimumVersion = 7.12.0;
			};
		};
/* End XCRemoteSwiftPackageReference section */

/* Begin XCSwiftPackageProductDependency section */
		235EA0A42C6A60F400F80F86 /* Alamofire */ = {
			isa = XCSwiftPackageProductDependency;
			package = 235EA0A32C6A60F400F80F86 /* XCRemoteSwiftPackageReference "Alamofire" */;
			productName = Alamofire;
		};
		235EA0A62C6A60F400F80F86 /* AlamofireDynamic */ = {
			isa = XCSwiftPackageProductDependency;
			package = 235EA0A32C6A60F400F80F86 /* XCRemoteSwiftPackageReference "Alamofire" */;
			productName = AlamofireDynamic;
		};
		235EA0B32C6A92BB00F80F86 /* SnapKit */ = {
			isa = XCSwiftPackageProductDependency;
			package = 235EA0B22C6A92BB00F80F86 /* XCRemoteSwiftPackageReference "SnapKit" */;
			productName = SnapKit;
		};
		235EA0B52C6A92BB00F80F86 /* SnapKit-Dynamic */ = {
			isa = XCSwiftPackageProductDependency;
			package = 235EA0B22C6A92BB00F80F86 /* XCRemoteSwiftPackageReference "SnapKit" */;
			productName = "SnapKit-Dynamic";
		};
		23C2B5FD2C6B4FAF007EEF94 /* Kingfisher */ = {
			isa = XCSwiftPackageProductDependency;
			package = 23C2B5FC2C6B4FAF007EEF94 /* XCRemoteSwiftPackageReference "Kingfisher" */;
			productName = Kingfisher;
		};
/* End XCSwiftPackageProductDependency section */
	};
	rootObject = 235EA07D2C6A5B3400F80F86 /* Project object */;
}
